
Microsoft Visual Studio Solution File, Format Version 12.00
# Visual Studio Version 16
VisualStudioVersion = 16.0.31205.134
MinimumVisualStudioVersion = 10.0.40219.1
Project("{9A19103F-16F7-4668-BE54-9A1E7A4F7556}") = "LinesIntersections", "LinesIntersections.csproj", "{A1EBD5B9-76B4-452A-A594-B9F81FC31100}"
EndProject
Global
	GlobalSection(SolutionConfigurationPlatforms) = preSolution
		Debug|Any CPU = Debug|Any CPU
		Release|Any CPU = Release|Any CPU
	EndGlobalSection
	GlobalSection(ProjectConfigurationPlatforms) = postSolution
		{A1EBD5B9-76B4-452A-A594-B9F81FC31100}.Debug|Any CPU.ActiveCfg = Debug|Any CPU
		{A1EBD5B9-76B4-452A-A594-B9F81FC31100}.Debug|Any CPU.Build.0 = Debug|Any CPU
		{A1EBD5B9-76B4-452A-A594-B9F81FC31100}.Release|Any CPU.ActiveCfg = Release|Any CPU
		{A1EBD5B9-76B4-452A-A594-B9F81FC31100}.Release|Any CPU.Build.0 = Release|Any CPU
	EndGlobalSection
	GlobalSection(SolutionProperties) = preSolution
		HideSolutionNode = FALSE
	EndGlobalSection
	GlobalSection(ExtensibilityGlobals) = postSolution
		SolutionGuid = {F40ACAE2-350F-457A-BF42-A922C6013C04}
	EndGlobalSection
EndGlobal
